
Microsoft Visual Studio Solution File, Format Version 12.00
# Visual Studio Version 16
VisualStudioVersion = 16.0.31112.23
MinimumVisualStudioVersion = 10.0.40219.1
Project("{FAE04EC0-301F-11D3-BF4B-00C04F79EFBC}") = "ConsoleApp2", "ConsoleApp2\ConsoleApp2.csproj", "{E426D624-1CD3-4730-84C2-362CBF18DCF1}"
EndProject
Global
	GlobalSection(SolutionConfigurationPlatforms) = preSolution
		Debug|Any CPU = Debug|Any CPU
		Release|Any CPU = Release|Any CPU
	EndGlobalSection
	GlobalSection(ProjectConfigurationPlatforms) = postSolution
		{E426D624-1CD3-4730-84C2-362CBF18DCF1}.Debug|Any CPU.ActiveCfg = Debug|Any CPU
		{E426D624-1CD3-4730-84C2-362CBF18DCF1}.Debug|Any CPU.Build.0 = Debug|Any CPU
		{E426D624-1CD3-4730-84C2-362CBF18DCF1}.Release|Any CPU.ActiveCfg = Release|Any CPU
		{E426D624-1CD3-4730-84C2-362CBF18DCF1}.Release|Any CPU.Build.0 = Release|Any CPU
	EndGlobalSection
	GlobalSection(SolutionProperties) = preSolution
		HideSolutionNode = FALSE
	EndGlobalSection
	GlobalSection(ExtensibilityGlobals) = postSolution
		SolutionGuid = {F4028789-8E37-400B-9ED2-57510F3AE58D}
	EndGlobalSection
EndGlobal
